
Microsoft Visual Studio Solution File, Format Version 12.00
# Visual Studio Version 17
VisualStudioVersion = 17.4.33213.308
MinimumVisualStudioVersion = 10.0.40219.1
Project("{FAE04EC0-301F-11D3-BF4B-00C04F79EFBC}") = "WinMan", "WinMan\WinMan.csproj", "{185E17DC-7031-435B-9F0B-B942760FC55D}"
EndProject
Project("{FAE04EC0-301F-11D3-BF4B-00C04F79EFBC}") = "WinMan.Storage", "WinMan.Storage\WinMan.Storage.csproj", "{25C0BAF7-E3DB-40A0-B5D0-9CDB4B0D535C}"
EndProject
Project("{FAE04EC0-301F-11D3-BF4B-00C04F79EFBC}") = "WinMan.OS", "WinMan.OS\WinMan.OS.csproj", "{6F89999D-02EA-424D-B162-7E0733065BA4}"
EndProject
Project("{FAE04EC0-301F-11D3-BF4B-00C04F79EFBC}") = "WinMan.Registry", "WinMan.Registry\WinMan.Registry.csproj", "{CC6F8E49-6DB3-4BAF-BA63-9EDD3A0E2F68}"
EndProject
Project("{FAE04EC0-301F-11D3-BF4B-00C04F79EFBC}") = "WinMan.Network", "WinMan.Network\WinMan.Network.csproj", "{9C74D99D-771F-4FB8-A4F6-F468390DCDDA}"
EndProject
Project("{FAE04EC0-301F-11D3-BF4B-00C04F79EFBC}") = "WinMan.Process", "WinMan.Process\WinMan.Process.csproj", "{609B3FE1-9ABA-43B0-85FE-1A02F4E2AE0D}"
EndProject
Project("{FAE04EC0-301F-11D3-BF4B-00C04F79EFBC}") = "WinMan.PerformanceCounters", "WinMan.PerformanceCounters\WinMan.PerformanceCounters.csproj", "{7B50D414-5F9B-4E93-B88B-9E294B5E930C}"
EndProject
Project("{F184B08F-C81C-45F6-A57F-5ABD9991F28F}") = "WinMan.Services", "WinMan.Services\WinMan.Services.vbproj", "{1E6BE279-7F77-429F-80A2-BA684BE5ED32}"
EndProject
Project("{FAE04EC0-301F-11D3-BF4B-00C04F79EFBC}") = "WinMan.Util", "WinMan.Util\WinMan.Util.csproj", "{CBC99002-0853-4C3E-8382-2B0096ABB222}"
EndProject
Global
	GlobalSection(SolutionConfigurationPlatforms) = preSolution
		Debug|Any CPU = Debug|Any CPU
		Release|Any CPU = Release|Any CPU
	EndGlobalSection
	GlobalSection(ProjectConfigurationPlatforms) = postSolution
		{185E17DC-7031-435B-9F0B-B942760FC55D}.Debug|Any CPU.ActiveCfg = Debug|Any CPU
		{185E17DC-7031-435B-9F0B-B942760FC55D}.Debug|Any CPU.Build.0 = Debug|Any CPU
		{185E17DC-7031-435B-9F0B-B942760FC55D}.Release|Any CPU.ActiveCfg = Release|Any CPU
		{185E17DC-7031-435B-9F0B-B942760FC55D}.Release|Any CPU.Build.0 = Release|Any CPU
		{25C0BAF7-E3DB-40A0-B5D0-9CDB4B0D535C}.Debug|Any CPU.ActiveCfg = Debug|Any CPU
		{25C0BAF7-E3DB-40A0-B5D0-9CDB4B0D535C}.Debug|Any CPU.Build.0 = Debug|Any CPU
		{25C0BAF7-E3DB-40A0-B5D0-9CDB4B0D535C}.Release|Any CPU.ActiveCfg = Release|Any CPU
		{25C0BAF7-E3DB-40A0-B5D0-9CDB4B0D535C}.Release|Any CPU.Build.0 = Release|Any CPU
		{6F89999D-02EA-424D-B162-7E0733065BA4}.Debug|Any CPU.ActiveCfg = Debug|Any CPU
		{6F89999D-02EA-424D-B162-7E0733065BA4}.Debug|Any CPU.Build.0 = Debug|Any CPU
		{6F89999D-02EA-424D-B162-7E0733065BA4}.Release|Any CPU.ActiveCfg = Release|Any CPU
		{6F89999D-02EA-424D-B162-7E0733065BA4}.Release|Any CPU.Build.0 = Release|Any CPU
		{CC6F8E49-6DB3-4BAF-BA63-9EDD3A0E2F68}.Debug|Any CPU.ActiveCfg = Debug|Any CPU
		{CC6F8E49-6DB3-4BAF-BA63-9EDD3A0E2F68}.Debug|Any CPU.Build.0 = Debug|Any CPU
		{CC6F8E49-6DB3-4BAF-BA63-9EDD3A0E2F68}.Release|Any CPU.ActiveCfg = Release|Any CPU
		{CC6F8E49-6DB3-4BAF-BA63-9EDD3A0E2F68}.Release|Any CPU.Build.0 = Release|Any CPU
		{9C74D99D-771F-4FB8-A4F6-F468390DCDDA}.Debug|Any CPU.ActiveCfg = Debug|Any CPU
		{9C74D99D-771F-4FB8-A4F6-F468390DCDDA}.Debug|Any CPU.Build.0 = Debug|Any CPU
		{9C74D99D-771F-4FB8-A4F6-F468390DCDDA}.Release|Any CPU.ActiveCfg = Release|Any CPU
		{9C74D99D-771F-4FB8-A4F6-F468390DCDDA}.Release|Any CPU.Build.0 = Release|Any CPU
		{609B3FE1-9ABA-43B0-85FE-1A02F4E2AE0D}.Debug|Any CPU.ActiveCfg = Debug|Any CPU
		{609B3FE1-9ABA-43B0-85FE-1A02F4E2AE0D}.Debug|Any CPU.Build.0 = Debug|Any CPU
		{609B3FE1-9ABA-43B0-85FE-1A02F4E2AE0D}.Release|Any CPU.ActiveCfg = Release|Any CPU
		{609B3FE1-9ABA-43B0-85FE-1A02F4E2AE0D}.Release|Any CPU.Build.0 = Release|Any CPU
		{7B50D414-5F9B-4E93-B88B-9E294B5E930C}.Debug|Any CPU.ActiveCfg = Debug|Any CPU
		{7B50D414-5F9B-4E93-B88B-9E294B5E930C}.Debug|Any CPU.Build.0 = Debug|Any CPU
		{7B50D414-5F9B-4E93-B88B-9E294B5E930C}.Release|Any CPU.ActiveCfg = Release|Any CPU
		{7B50D414-5F9B-4E93-B88B-9E294B5E930C}.Release|Any CPU.Build.0 = Release|Any CPU
		{1E6BE279-7F77-429F-80A2-BA684BE5ED32}.Debug|Any CPU.ActiveCfg = Debug|Any CPU
		{1E6BE279-7F77-429F-80A2-BA684BE5ED32}.Debug|Any CPU.Build.0 = Debug|Any CPU
		{1E6BE279-7F77-429F-80A2-BA684BE5ED32}.Release|Any CPU.ActiveCfg = Release|Any CPU
		{1E6BE279-7F77-429F-80A2-BA684BE5ED32}.Release|Any CPU.Build.0 = Release|Any CPU
		{CBC99002-0853-4C3E-8382-2B0096ABB222}.Debug|Any CPU.ActiveCfg = Debug|Any CPU
		{CBC99002-0853-4C3E-8382-2B0096ABB222}.Debug|Any CPU.Build.0 = Debug|Any CPU
		{CBC99002-0853-4C3E-8382-2B0096ABB222}.Release|Any CPU.ActiveCfg = Release|Any CPU
		{CBC99002-0853-4C3E-8382-2B0096ABB222}.Release|Any CPU.Build.0 = Release|Any CPU
	EndGlobalSection
	GlobalSection(SolutionProperties) = preSolution
		HideSolutionNode = FALSE
	EndGlobalSection
	GlobalSection(ExtensibilityGlobals) = postSolution
		SolutionGuid = {A66D7715-E452-466E-AA5E-E5C3DDF093AE}
	EndGlobalSection
EndGlobal
