
Microsoft Visual Studio Solution File, Format Version 12.00
# Visual Studio Version 17
VisualStudioVersion = 17.11.35312.102
MinimumVisualStudioVersion = 10.0.40219.1
Project("{2150E333-8FDC-42A3-9474-1A3956D46DE8}") = "VLMCSD", "VLMCSD", "{38E806B8-F14E-45E3-AC77-5F6B39B56778}"
EndProject
Project("{FAE04EC0-301F-11D3-BF4B-00C04F79EFBC}") = "Hyper-V Passthrough Tool", "hyperv-passthrough\Hyper-V Passthrough Tool.csproj", "{F2A2FC53-F5E9-4350-8D9B-98269DF4C9B1}"
EndProject
Project("{9A19103F-16F7-4668-BE54-9A1E7A4F7556}") = "Port Proxy GUI", "PortProxyGUI\Port Proxy GUI.csproj", "{F8C3B324-87BA-4DCB-B0D5-A28356094A9C}"
EndProject
Project("{FAE04EC0-301F-11D3-BF4B-00C04F79EFBC}") = "Port Scanner", "port-scanner\Port Scanner.csproj", "{B124BC1F-CCFB-49F0-B082-F13644F66069}"
EndProject
Project("{FAE04EC0-301F-11D3-BF4B-00C04F79EFBC}") = "License Manager", "vlmcsd-repos\license-manager\License Manager.csproj", "{C147A441-64DE-4773-948C-105CC3BBCA07}"
EndProject
Project("{8BC9CEB8-8B4A-11D0-8D11-00A0C91BC942}") = "libkms-Windows", "vlmcsd-repos\vlmcsd\VisualStudio\libkms\libkms.vcxproj", "{2A0FC04D-C3C0-43E2-8812-53AE901C5395}"
EndProject
Project("{8BC9CEB8-8B4A-11D0-8D11-00A0C91BC942}") = "vlmcs-Windows", "vlmcsd-repos\vlmcsd\VisualStudio\vlmcs\vlmcs.vcxproj", "{2B3F305D-6351-4F4A-A7F2-1F9B1988CDEE}"
EndProject
Project("{8BC9CEB8-8B4A-11D0-8D11-00A0C91BC942}") = "vlmcsd-Windows", "vlmcsd-repos\vlmcsd\VisualStudio\vlmcsd\vlmcsd.vcxproj", "{918B4F5B-6356-451E-998C-5FCB29988170}"
EndProject
Project("{8BC9CEB8-8B4A-11D0-8D11-00A0C91BC942}") = "vlmcsdmulti-Windows", "vlmcsd-repos\vlmcsd\VisualStudio\vlmcsdmulti\vlmcsdmulti.vcxproj", "{7F07671D-1432-43E9-9D72-08435F216B5E}"
EndProject
Global
	GlobalSection(SolutionConfigurationPlatforms) = preSolution
		Debug|x64 = Debug|x64
		Debug|x86 = Debug|x86
		Release|x64 = Release|x64
		Release|x86 = Release|x86
	EndGlobalSection
	GlobalSection(ProjectConfigurationPlatforms) = postSolution
		{F2A2FC53-F5E9-4350-8D9B-98269DF4C9B1}.Debug|x64.ActiveCfg = Debug|x64
		{F2A2FC53-F5E9-4350-8D9B-98269DF4C9B1}.Debug|x64.Build.0 = Debug|x64
		{F2A2FC53-F5E9-4350-8D9B-98269DF4C9B1}.Debug|x86.ActiveCfg = Debug|x86
		{F2A2FC53-F5E9-4350-8D9B-98269DF4C9B1}.Debug|x86.Build.0 = Debug|x86
		{F2A2FC53-F5E9-4350-8D9B-98269DF4C9B1}.Release|x64.ActiveCfg = Release|x64
		{F2A2FC53-F5E9-4350-8D9B-98269DF4C9B1}.Release|x64.Build.0 = Release|x64
		{F2A2FC53-F5E9-4350-8D9B-98269DF4C9B1}.Release|x86.ActiveCfg = Release|x86
		{F2A2FC53-F5E9-4350-8D9B-98269DF4C9B1}.Release|x86.Build.0 = Release|x86
		{F8C3B324-87BA-4DCB-B0D5-A28356094A9C}.Debug|x64.ActiveCfg = Debug|x64
		{F8C3B324-87BA-4DCB-B0D5-A28356094A9C}.Debug|x64.Build.0 = Debug|x64
		{F8C3B324-87BA-4DCB-B0D5-A28356094A9C}.Debug|x86.ActiveCfg = Debug|x86
		{F8C3B324-87BA-4DCB-B0D5-A28356094A9C}.Debug|x86.Build.0 = Debug|x86
		{F8C3B324-87BA-4DCB-B0D5-A28356094A9C}.Release|x64.ActiveCfg = Release|x64
		{F8C3B324-87BA-4DCB-B0D5-A28356094A9C}.Release|x64.Build.0 = Release|x64
		{F8C3B324-87BA-4DCB-B0D5-A28356094A9C}.Release|x86.ActiveCfg = Release|x86
		{F8C3B324-87BA-4DCB-B0D5-A28356094A9C}.Release|x86.Build.0 = Release|x86
		{B124BC1F-CCFB-49F0-B082-F13644F66069}.Debug|x64.ActiveCfg = Debug|x64
		{B124BC1F-CCFB-49F0-B082-F13644F66069}.Debug|x64.Build.0 = Debug|x64
		{B124BC1F-CCFB-49F0-B082-F13644F66069}.Debug|x86.ActiveCfg = Debug|x86
		{B124BC1F-CCFB-49F0-B082-F13644F66069}.Debug|x86.Build.0 = Debug|x86
		{B124BC1F-CCFB-49F0-B082-F13644F66069}.Release|x64.ActiveCfg = Release|x64
		{B124BC1F-CCFB-49F0-B082-F13644F66069}.Release|x64.Build.0 = Release|x64
		{B124BC1F-CCFB-49F0-B082-F13644F66069}.Release|x86.ActiveCfg = Release|x86
		{B124BC1F-CCFB-49F0-B082-F13644F66069}.Release|x86.Build.0 = Release|x86
		{C147A441-64DE-4773-948C-105CC3BBCA07}.Debug|x64.ActiveCfg = Debug|x64
		{C147A441-64DE-4773-948C-105CC3BBCA07}.Debug|x64.Build.0 = Debug|x64
		{C147A441-64DE-4773-948C-105CC3BBCA07}.Debug|x86.ActiveCfg = Debug|x86
		{C147A441-64DE-4773-948C-105CC3BBCA07}.Debug|x86.Build.0 = Debug|x86
		{C147A441-64DE-4773-948C-105CC3BBCA07}.Release|x64.ActiveCfg = Release|x64
		{C147A441-64DE-4773-948C-105CC3BBCA07}.Release|x64.Build.0 = Release|x64
		{C147A441-64DE-4773-948C-105CC3BBCA07}.Release|x86.ActiveCfg = Release|x86
		{C147A441-64DE-4773-948C-105CC3BBCA07}.Release|x86.Build.0 = Release|x86
		{2A0FC04D-C3C0-43E2-8812-53AE901C5395}.Debug|x64.ActiveCfg = Debug|x64
		{2A0FC04D-C3C0-43E2-8812-53AE901C5395}.Debug|x64.Build.0 = Debug|x64
		{2A0FC04D-C3C0-43E2-8812-53AE901C5395}.Debug|x86.ActiveCfg = Debug|Win32
		{2A0FC04D-C3C0-43E2-8812-53AE901C5395}.Debug|x86.Build.0 = Debug|Win32
		{2A0FC04D-C3C0-43E2-8812-53AE901C5395}.Release|x64.ActiveCfg = Release|x64
		{2A0FC04D-C3C0-43E2-8812-53AE901C5395}.Release|x64.Build.0 = Release|x64
		{2A0FC04D-C3C0-43E2-8812-53AE901C5395}.Release|x86.ActiveCfg = Release|Win32
		{2A0FC04D-C3C0-43E2-8812-53AE901C5395}.Release|x86.Build.0 = Release|Win32
		{2B3F305D-6351-4F4A-A7F2-1F9B1988CDEE}.Debug|x64.ActiveCfg = Debug|x64
		{2B3F305D-6351-4F4A-A7F2-1F9B1988CDEE}.Debug|x64.Build.0 = Debug|x64
		{2B3F305D-6351-4F4A-A7F2-1F9B1988CDEE}.Debug|x86.ActiveCfg = Debug|Win32
		{2B3F305D-6351-4F4A-A7F2-1F9B1988CDEE}.Debug|x86.Build.0 = Debug|Win32
		{2B3F305D-6351-4F4A-A7F2-1F9B1988CDEE}.Release|x64.ActiveCfg = Release|x64
		{2B3F305D-6351-4F4A-A7F2-1F9B1988CDEE}.Release|x64.Build.0 = Release|x64
		{2B3F305D-6351-4F4A-A7F2-1F9B1988CDEE}.Release|x86.ActiveCfg = Release|Win32
		{2B3F305D-6351-4F4A-A7F2-1F9B1988CDEE}.Release|x86.Build.0 = Release|Win32
		{918B4F5B-6356-451E-998C-5FCB29988170}.Debug|x64.ActiveCfg = Debug|x64
		{918B4F5B-6356-451E-998C-5FCB29988170}.Debug|x64.Build.0 = Debug|x64
		{918B4F5B-6356-451E-998C-5FCB29988170}.Debug|x86.ActiveCfg = Debug|Win32
		{918B4F5B-6356-451E-998C-5FCB29988170}.Debug|x86.Build.0 = Debug|Win32
		{918B4F5B-6356-451E-998C-5FCB29988170}.Release|x64.ActiveCfg = Release|x64
		{918B4F5B-6356-451E-998C-5FCB29988170}.Release|x64.Build.0 = Release|x64
		{918B4F5B-6356-451E-998C-5FCB29988170}.Release|x86.ActiveCfg = Release|Win32
		{918B4F5B-6356-451E-998C-5FCB29988170}.Release|x86.Build.0 = Release|Win32
		{7F07671D-1432-43E9-9D72-08435F216B5E}.Debug|x64.ActiveCfg = Debug|x64
		{7F07671D-1432-43E9-9D72-08435F216B5E}.Debug|x64.Build.0 = Debug|x64
		{7F07671D-1432-43E9-9D72-08435F216B5E}.Debug|x86.ActiveCfg = Debug|Win32
		{7F07671D-1432-43E9-9D72-08435F216B5E}.Debug|x86.Build.0 = Debug|Win32
		{7F07671D-1432-43E9-9D72-08435F216B5E}.Release|x64.ActiveCfg = Release|x64
		{7F07671D-1432-43E9-9D72-08435F216B5E}.Release|x64.Build.0 = Release|x64
		{7F07671D-1432-43E9-9D72-08435F216B5E}.Release|x86.ActiveCfg = Release|Win32
		{7F07671D-1432-43E9-9D72-08435F216B5E}.Release|x86.Build.0 = Release|Win32
	EndGlobalSection
	GlobalSection(SolutionProperties) = preSolution
		HideSolutionNode = FALSE
	EndGlobalSection
	GlobalSection(NestedProjects) = preSolution
		{2A0FC04D-C3C0-43E2-8812-53AE901C5395} = {38E806B8-F14E-45E3-AC77-5F6B39B56778}
		{2B3F305D-6351-4F4A-A7F2-1F9B1988CDEE} = {38E806B8-F14E-45E3-AC77-5F6B39B56778}
		{918B4F5B-6356-451E-998C-5FCB29988170} = {38E806B8-F14E-45E3-AC77-5F6B39B56778}
		{7F07671D-1432-43E9-9D72-08435F216B5E} = {38E806B8-F14E-45E3-AC77-5F6B39B56778}
	EndGlobalSection
	GlobalSection(ExtensibilityGlobals) = postSolution
		SolutionGuid = {CEE8A90F-FC19-4D00-8D55-E35A74C3A237}
	EndGlobalSection
EndGlobal
