
Microsoft Visual Studio Solution File, Format Version 12.00
# Visual Studio Version 17
VisualStudioVersion = 17.3.32819.101
MinimumVisualStudioVersion = 10.0.40219.1
Project("{9A19103F-16F7-4668-BE54-9A1E7A4F7556}") = "Tests", "Tests\Tests.csproj", "{0D6C4680-42C1-4D26-AF5C-23E4DFCFB706}"
EndProject
Project("{9A19103F-16F7-4668-BE54-9A1E7A4F7556}") = "Tests.Application", "Tests.Application\Tests.Application.csproj", "{47F5A9D7-27F8-4C23-B9F3-EACB1F42FED1}"
EndProject
Project("{9A19103F-16F7-4668-BE54-9A1E7A4F7556}") = "Tests.Cli", "Tests.Cli\Tests.Cli.csproj", "{9CE42DB9-F4F1-4696-B4DF-341F94BA63E7}"
EndProject
Project("{9A19103F-16F7-4668-BE54-9A1E7A4F7556}") = "UserRights", "UserRights\UserRights.csproj", "{6429FDB1-01EF-41E4-AF0D-AD5A1A017A05}"
EndProject
Project("{9A19103F-16F7-4668-BE54-9A1E7A4F7556}") = "UserRights.Application", "UserRights.Application\UserRights.Application.csproj", "{7B1432F5-892C-4551-B009-DE599AAF6C2E}"
EndProject
Project("{9A19103F-16F7-4668-BE54-9A1E7A4F7556}") = "UserRights.Cli", "UserRights.Cli\UserRights.Cli.csproj", "{E4403039-A7DD-48CA-8C9D-2D553D759944}"
EndProject
Project("{9A19103F-16F7-4668-BE54-9A1E7A4F7556}") = "UserRights.Extensions", "UserRights.Extensions\UserRights.Extensions.csproj", "{ED142222-6CB8-4128-8758-1EDA01CEC44D}"
EndProject
Project("{2150E333-8FDC-42A3-9474-1A3956D46DE8}") = "Solution Items", "Solution Items", "{0BC816A9-57A2-4AAC-9FB2-090CEE526DC9}"
	ProjectSection(SolutionItems) = preProject
		.editorconfig = .editorconfig
		StyleCop.ruleset = StyleCop.ruleset
	EndProjectSection
EndProject
Global
	GlobalSection(SolutionConfigurationPlatforms) = preSolution
		Debug|Any CPU = Debug|Any CPU
		Release|Any CPU = Release|Any CPU
	EndGlobalSection
	GlobalSection(ProjectConfigurationPlatforms) = postSolution
		{0D6C4680-42C1-4D26-AF5C-23E4DFCFB706}.Debug|Any CPU.ActiveCfg = Debug|Any CPU
		{0D6C4680-42C1-4D26-AF5C-23E4DFCFB706}.Debug|Any CPU.Build.0 = Debug|Any CPU
		{0D6C4680-42C1-4D26-AF5C-23E4DFCFB706}.Release|Any CPU.ActiveCfg = Release|Any CPU
		{0D6C4680-42C1-4D26-AF5C-23E4DFCFB706}.Release|Any CPU.Build.0 = Release|Any CPU
		{47F5A9D7-27F8-4C23-B9F3-EACB1F42FED1}.Debug|Any CPU.ActiveCfg = Debug|Any CPU
		{47F5A9D7-27F8-4C23-B9F3-EACB1F42FED1}.Debug|Any CPU.Build.0 = Debug|Any CPU
		{47F5A9D7-27F8-4C23-B9F3-EACB1F42FED1}.Release|Any CPU.ActiveCfg = Release|Any CPU
		{47F5A9D7-27F8-4C23-B9F3-EACB1F42FED1}.Release|Any CPU.Build.0 = Release|Any CPU
		{9CE42DB9-F4F1-4696-B4DF-341F94BA63E7}.Debug|Any CPU.ActiveCfg = Debug|Any CPU
		{9CE42DB9-F4F1-4696-B4DF-341F94BA63E7}.Debug|Any CPU.Build.0 = Debug|Any CPU
		{9CE42DB9-F4F1-4696-B4DF-341F94BA63E7}.Release|Any CPU.ActiveCfg = Release|Any CPU
		{9CE42DB9-F4F1-4696-B4DF-341F94BA63E7}.Release|Any CPU.Build.0 = Release|Any CPU
		{6429FDB1-01EF-41E4-AF0D-AD5A1A017A05}.Debug|Any CPU.ActiveCfg = Debug|Any CPU
		{6429FDB1-01EF-41E4-AF0D-AD5A1A017A05}.Debug|Any CPU.Build.0 = Debug|Any CPU
		{6429FDB1-01EF-41E4-AF0D-AD5A1A017A05}.Release|Any CPU.ActiveCfg = Release|Any CPU
		{6429FDB1-01EF-41E4-AF0D-AD5A1A017A05}.Release|Any CPU.Build.0 = Release|Any CPU
		{7B1432F5-892C-4551-B009-DE599AAF6C2E}.Debug|Any CPU.ActiveCfg = Debug|Any CPU
		{7B1432F5-892C-4551-B009-DE599AAF6C2E}.Debug|Any CPU.Build.0 = Debug|Any CPU
		{7B1432F5-892C-4551-B009-DE599AAF6C2E}.Release|Any CPU.ActiveCfg = Release|Any CPU
		{7B1432F5-892C-4551-B009-DE599AAF6C2E}.Release|Any CPU.Build.0 = Release|Any CPU
		{E4403039-A7DD-48CA-8C9D-2D553D759944}.Debug|Any CPU.ActiveCfg = Debug|Any CPU
		{E4403039-A7DD-48CA-8C9D-2D553D759944}.Debug|Any CPU.Build.0 = Debug|Any CPU
		{E4403039-A7DD-48CA-8C9D-2D553D759944}.Release|Any CPU.ActiveCfg = Release|Any CPU
		{E4403039-A7DD-48CA-8C9D-2D553D759944}.Release|Any CPU.Build.0 = Release|Any CPU
		{ED142222-6CB8-4128-8758-1EDA01CEC44D}.Debug|Any CPU.ActiveCfg = Debug|Any CPU
		{ED142222-6CB8-4128-8758-1EDA01CEC44D}.Debug|Any CPU.Build.0 = Debug|Any CPU
		{ED142222-6CB8-4128-8758-1EDA01CEC44D}.Release|Any CPU.ActiveCfg = Release|Any CPU
		{ED142222-6CB8-4128-8758-1EDA01CEC44D}.Release|Any CPU.Build.0 = Release|Any CPU
	EndGlobalSection
	GlobalSection(SolutionProperties) = preSolution
		HideSolutionNode = FALSE
	EndGlobalSection
	GlobalSection(ExtensibilityGlobals) = postSolution
		SolutionGuid = {06F68D03-8D08-4AB8-902E-3D62CB5AA683}
	EndGlobalSection
EndGlobal
