
Microsoft Visual Studio Solution File, Format Version 12.00
# Visual Studio Version 17
VisualStudioVersion = 17.1.31911.260
MinimumVisualStudioVersion = 10.0.40219.1
Project("{9A19103F-16F7-4668-BE54-9A1E7A4F7556}") = "DeploymentToolkit.Deployment", "DeploymentToolkit.Deployment\DeploymentToolkit.Deployment.csproj", "{0585AEA5-A376-469C-8B39-921D9CC087F9}"
EndProject
Project("{9A19103F-16F7-4668-BE54-9A1E7A4F7556}") = "DeploymentToolkit.TrayApp", "..\DeploymentToolkit.TrayApp\DeploymentToolkit.TrayApp.csproj", "{9586473D-9BB5-4AF1-B9E1-77B72D5874B8}"
EndProject
Project("{9A19103F-16F7-4668-BE54-9A1E7A4F7556}") = "DeploymentToolkit.Modals", "DeploymentToolkit.Modals\DeploymentToolkit.Modals.csproj", "{EC3FEDB7-4FC0-4DCF-A08F-F1DE2DC49E00}"
EndProject
Project("{2150E333-8FDC-42A3-9474-1A3956D46DE8}") = "DeploymentToolkit", "DeploymentToolkit", "{672AD382-4F4E-442D-B0C8-F094751E2995}"
EndProject
Project("{2150E333-8FDC-42A3-9474-1A3956D46DE8}") = "Shared", "Shared", "{26E734FC-81B7-40B3-99E0-17A799AEEE77}"
EndProject
Project("{2150E333-8FDC-42A3-9474-1A3956D46DE8}") = "TrayApp", "TrayApp", "{F71CC262-D270-489F-9BA5-69ECA6B0B267}"
	ProjectSection(SolutionItems) = preProject
		.editorconfig = .editorconfig
	EndProjectSection
EndProject
Project("{9A19103F-16F7-4668-BE54-9A1E7A4F7556}") = "DeploymentToolkit.Messaging", "DeploymentToolkit.Messaging\DeploymentToolkit.Messaging.csproj", "{65AC59C5-F17A-4F96-97B2-B0ECB4304C3B}"
EndProject
Project("{9A19103F-16F7-4668-BE54-9A1E7A4F7556}") = "DeploymentToolkit.ToolkitEnvironment", "DeploymentToolkit.Environment\DeploymentToolkit.ToolkitEnvironment.csproj", "{94C074C7-CAE2-423E-84B7-80D5B74602BB}"
EndProject
Project("{9A19103F-16F7-4668-BE54-9A1E7A4F7556}") = "DeploymentToolkit.Scripting", "DeploymentToolkit.Scripting\DeploymentToolkit.Scripting.csproj", "{AD620098-DF03-45B9-9B91-7E1DD13BC86C}"
EndProject
Project("{9A19103F-16F7-4668-BE54-9A1E7A4F7556}") = "DeploymentToolkit.Scripting.Tests", "DeploymentToolkit.Scripting.Tests\DeploymentToolkit.Scripting.Tests.csproj", "{1199E298-4D2F-4D19-8602-73B05C6B9E9D}"
EndProject
Project("{9A19103F-16F7-4668-BE54-9A1E7A4F7556}") = "DeploymentToolkit.Actions", "DeploymentToolkit.Actions\DeploymentToolkit.Actions.csproj", "{0059F67C-809E-4811-995D-4647BB520C99}"
EndProject
Project("{9A19103F-16F7-4668-BE54-9A1E7A4F7556}") = "DeploymentToolkit.DeploymentEnvironment", "DeploymentToolkit.DeploymentEnvironment\DeploymentToolkit.DeploymentEnvironment.csproj", "{4EA54C46-9DBE-4872-9820-E24D2A88FB39}"
EndProject
Project("{FAE04EC0-301F-11D3-BF4B-00C04F79EFBC}") = "DeploymentToolkit.Registry", "DeploymentToolkit.Registry\DeploymentToolkit.Registry.csproj", "{0EE12FB6-92F6-497A-8429-32E0C31B648A}"
EndProject
Project("{2150E333-8FDC-42A3-9474-1A3956D46DE8}") = "Tests", "Tests", "{C10C8EF8-ECD3-4572-9F68-C087EC075331}"
EndProject
Project("{9A19103F-16F7-4668-BE54-9A1E7A4F7556}") = "DeploymentToolkit.RegistryTests", "DeploymentToolkit.RegistryTests\DeploymentToolkit.RegistryTests.csproj", "{3879250E-0D6E-41C3-8B17-4BD84C95FFE3}"
EndProject
Project("{9A19103F-16F7-4668-BE54-9A1E7A4F7556}") = "DeploymentToolkit.RegistryWrapper", "DeploymentToolkit.RegistryWrapper\DeploymentToolkit.RegistryWrapper.csproj", "{D98D219D-9FE8-44C0-AB9A-D5FFF3578FEE}"
EndProject
Project("{9A19103F-16F7-4668-BE54-9A1E7A4F7556}") = "DeploymentToolkit.ToolkitEnvironmentTests", "DeploymentToolkit.ToolkitEnvironmentTests\DeploymentToolkit.ToolkitEnvironmentTests.csproj", "{9DC082AF-9B96-4530-8A31-B30EB1CBF403}"
EndProject
Project("{9A19103F-16F7-4668-BE54-9A1E7A4F7556}") = "DeploymentToolkit.Util", "DeploymentToolkit.Util\DeploymentToolkit.Util.csproj", "{AEBBE655-C600-4B78-8617-FA3921F33AFA}"
EndProject
Project("{9A19103F-16F7-4668-BE54-9A1E7A4F7556}") = "DeploymentToolkit.Restart", "DeploymentToolkit.Restart\DeploymentToolkit.Restart.csproj", "{574AE079-0011-44CE-8E47-55F18C0F8AD1}"
EndProject
Project("{9A19103F-16F7-4668-BE54-9A1E7A4F7556}") = "DeploymentToolkit.Unblocker", "DeploymentToolkit.Unblocker\DeploymentToolkit.Unblocker.csproj", "{2D115754-8B3B-4890-9472-2580C09C3A36}"
EndProject
Project("{9A19103F-16F7-4668-BE54-9A1E7A4F7556}") = "DeploymentToolkit.ActionsTests", "DeploymentToolkit.ActionsTests\DeploymentToolkit.ActionsTests.csproj", "{A9EF70EF-D85E-4278-A16E-4F183BD58D19}"
EndProject
Project("{2150E333-8FDC-42A3-9474-1A3956D46DE8}") = "Solution Items", "Solution Items", "{881CAACE-739B-47AA-931B-8A48BCE83E1C}"
	ProjectSection(SolutionItems) = preProject
		.editorconfig = .editorconfig
	EndProjectSection
EndProject
Global
	GlobalSection(SolutionConfigurationPlatforms) = preSolution
		Debug|Any CPU = Debug|Any CPU
		Release|Any CPU = Release|Any CPU
	EndGlobalSection
	GlobalSection(ProjectConfigurationPlatforms) = postSolution
		{0585AEA5-A376-469C-8B39-921D9CC087F9}.Debug|Any CPU.ActiveCfg = Debug|Any CPU
		{0585AEA5-A376-469C-8B39-921D9CC087F9}.Debug|Any CPU.Build.0 = Debug|Any CPU
		{0585AEA5-A376-469C-8B39-921D9CC087F9}.Release|Any CPU.ActiveCfg = Release|Any CPU
		{0585AEA5-A376-469C-8B39-921D9CC087F9}.Release|Any CPU.Build.0 = Release|Any CPU
		{9586473D-9BB5-4AF1-B9E1-77B72D5874B8}.Debug|Any CPU.ActiveCfg = Debug|Any CPU
		{9586473D-9BB5-4AF1-B9E1-77B72D5874B8}.Debug|Any CPU.Build.0 = Debug|Any CPU
		{9586473D-9BB5-4AF1-B9E1-77B72D5874B8}.Release|Any CPU.ActiveCfg = Release|Any CPU
		{9586473D-9BB5-4AF1-B9E1-77B72D5874B8}.Release|Any CPU.Build.0 = Release|Any CPU
		{EC3FEDB7-4FC0-4DCF-A08F-F1DE2DC49E00}.Debug|Any CPU.ActiveCfg = Debug|Any CPU
		{EC3FEDB7-4FC0-4DCF-A08F-F1DE2DC49E00}.Debug|Any CPU.Build.0 = Debug|Any CPU
		{EC3FEDB7-4FC0-4DCF-A08F-F1DE2DC49E00}.Release|Any CPU.ActiveCfg = Release|Any CPU
		{EC3FEDB7-4FC0-4DCF-A08F-F1DE2DC49E00}.Release|Any CPU.Build.0 = Release|Any CPU
		{65AC59C5-F17A-4F96-97B2-B0ECB4304C3B}.Debug|Any CPU.ActiveCfg = Debug|Any CPU
		{65AC59C5-F17A-4F96-97B2-B0ECB4304C3B}.Debug|Any CPU.Build.0 = Debug|Any CPU
		{65AC59C5-F17A-4F96-97B2-B0ECB4304C3B}.Release|Any CPU.ActiveCfg = Release|Any CPU
		{65AC59C5-F17A-4F96-97B2-B0ECB4304C3B}.Release|Any CPU.Build.0 = Release|Any CPU
		{94C074C7-CAE2-423E-84B7-80D5B74602BB}.Debug|Any CPU.ActiveCfg = Debug|Any CPU
		{94C074C7-CAE2-423E-84B7-80D5B74602BB}.Debug|Any CPU.Build.0 = Debug|Any CPU
		{94C074C7-CAE2-423E-84B7-80D5B74602BB}.Release|Any CPU.ActiveCfg = Release|Any CPU
		{94C074C7-CAE2-423E-84B7-80D5B74602BB}.Release|Any CPU.Build.0 = Release|Any CPU
		{AD620098-DF03-45B9-9B91-7E1DD13BC86C}.Debug|Any CPU.ActiveCfg = Debug|Any CPU
		{AD620098-DF03-45B9-9B91-7E1DD13BC86C}.Debug|Any CPU.Build.0 = Debug|Any CPU
		{AD620098-DF03-45B9-9B91-7E1DD13BC86C}.Release|Any CPU.ActiveCfg = Release|Any CPU
		{AD620098-DF03-45B9-9B91-7E1DD13BC86C}.Release|Any CPU.Build.0 = Release|Any CPU
		{1199E298-4D2F-4D19-8602-73B05C6B9E9D}.Debug|Any CPU.ActiveCfg = Debug|Any CPU
		{1199E298-4D2F-4D19-8602-73B05C6B9E9D}.Debug|Any CPU.Build.0 = Debug|Any CPU
		{1199E298-4D2F-4D19-8602-73B05C6B9E9D}.Release|Any CPU.ActiveCfg = Release|Any CPU
		{1199E298-4D2F-4D19-8602-73B05C6B9E9D}.Release|Any CPU.Build.0 = Release|Any CPU
		{0059F67C-809E-4811-995D-4647BB520C99}.Debug|Any CPU.ActiveCfg = Debug|Any CPU
		{0059F67C-809E-4811-995D-4647BB520C99}.Debug|Any CPU.Build.0 = Debug|Any CPU
		{0059F67C-809E-4811-995D-4647BB520C99}.Release|Any CPU.ActiveCfg = Release|Any CPU
		{0059F67C-809E-4811-995D-4647BB520C99}.Release|Any CPU.Build.0 = Release|Any CPU
		{4EA54C46-9DBE-4872-9820-E24D2A88FB39}.Debug|Any CPU.ActiveCfg = Debug|Any CPU
		{4EA54C46-9DBE-4872-9820-E24D2A88FB39}.Debug|Any CPU.Build.0 = Debug|Any CPU
		{4EA54C46-9DBE-4872-9820-E24D2A88FB39}.Release|Any CPU.ActiveCfg = Release|Any CPU
		{4EA54C46-9DBE-4872-9820-E24D2A88FB39}.Release|Any CPU.Build.0 = Release|Any CPU
		{0EE12FB6-92F6-497A-8429-32E0C31B648A}.Debug|Any CPU.ActiveCfg = Debug|Any CPU
		{0EE12FB6-92F6-497A-8429-32E0C31B648A}.Debug|Any CPU.Build.0 = Debug|Any CPU
		{0EE12FB6-92F6-497A-8429-32E0C31B648A}.Release|Any CPU.ActiveCfg = Release|Any CPU
		{0EE12FB6-92F6-497A-8429-32E0C31B648A}.Release|Any CPU.Build.0 = Release|Any CPU
		{3879250E-0D6E-41C3-8B17-4BD84C95FFE3}.Debug|Any CPU.ActiveCfg = Debug|Any CPU
		{3879250E-0D6E-41C3-8B17-4BD84C95FFE3}.Debug|Any CPU.Build.0 = Debug|Any CPU
		{3879250E-0D6E-41C3-8B17-4BD84C95FFE3}.Release|Any CPU.ActiveCfg = Release|Any CPU
		{3879250E-0D6E-41C3-8B17-4BD84C95FFE3}.Release|Any CPU.Build.0 = Release|Any CPU
		{D98D219D-9FE8-44C0-AB9A-D5FFF3578FEE}.Debug|Any CPU.ActiveCfg = Debug|Any CPU
		{D98D219D-9FE8-44C0-AB9A-D5FFF3578FEE}.Debug|Any CPU.Build.0 = Debug|Any CPU
		{D98D219D-9FE8-44C0-AB9A-D5FFF3578FEE}.Release|Any CPU.ActiveCfg = Release|Any CPU
		{D98D219D-9FE8-44C0-AB9A-D5FFF3578FEE}.Release|Any CPU.Build.0 = Release|Any CPU
		{9DC082AF-9B96-4530-8A31-B30EB1CBF403}.Debug|Any CPU.ActiveCfg = Debug|Any CPU
		{9DC082AF-9B96-4530-8A31-B30EB1CBF403}.Debug|Any CPU.Build.0 = Debug|Any CPU
		{9DC082AF-9B96-4530-8A31-B30EB1CBF403}.Release|Any CPU.ActiveCfg = Release|Any CPU
		{9DC082AF-9B96-4530-8A31-B30EB1CBF403}.Release|Any CPU.Build.0 = Release|Any CPU
		{AEBBE655-C600-4B78-8617-FA3921F33AFA}.Debug|Any CPU.ActiveCfg = Debug|Any CPU
		{AEBBE655-C600-4B78-8617-FA3921F33AFA}.Debug|Any CPU.Build.0 = Debug|Any CPU
		{AEBBE655-C600-4B78-8617-FA3921F33AFA}.Release|Any CPU.ActiveCfg = Release|Any CPU
		{AEBBE655-C600-4B78-8617-FA3921F33AFA}.Release|Any CPU.Build.0 = Release|Any CPU
		{574AE079-0011-44CE-8E47-55F18C0F8AD1}.Debug|Any CPU.ActiveCfg = Debug|Any CPU
		{574AE079-0011-44CE-8E47-55F18C0F8AD1}.Debug|Any CPU.Build.0 = Debug|Any CPU
		{574AE079-0011-44CE-8E47-55F18C0F8AD1}.Release|Any CPU.ActiveCfg = Release|Any CPU
		{574AE079-0011-44CE-8E47-55F18C0F8AD1}.Release|Any CPU.Build.0 = Release|Any CPU
		{2D115754-8B3B-4890-9472-2580C09C3A36}.Debug|Any CPU.ActiveCfg = Debug|Any CPU
		{2D115754-8B3B-4890-9472-2580C09C3A36}.Debug|Any CPU.Build.0 = Debug|Any CPU
		{2D115754-8B3B-4890-9472-2580C09C3A36}.Release|Any CPU.ActiveCfg = Release|Any CPU
		{2D115754-8B3B-4890-9472-2580C09C3A36}.Release|Any CPU.Build.0 = Release|Any CPU
		{A9EF70EF-D85E-4278-A16E-4F183BD58D19}.Debug|Any CPU.ActiveCfg = Debug|Any CPU
		{A9EF70EF-D85E-4278-A16E-4F183BD58D19}.Debug|Any CPU.Build.0 = Debug|Any CPU
		{A9EF70EF-D85E-4278-A16E-4F183BD58D19}.Release|Any CPU.ActiveCfg = Release|Any CPU
		{A9EF70EF-D85E-4278-A16E-4F183BD58D19}.Release|Any CPU.Build.0 = Release|Any CPU
	EndGlobalSection
	GlobalSection(SolutionProperties) = preSolution
		HideSolutionNode = FALSE
	EndGlobalSection
	GlobalSection(NestedProjects) = preSolution
		{0585AEA5-A376-469C-8B39-921D9CC087F9} = {672AD382-4F4E-442D-B0C8-F094751E2995}
		{9586473D-9BB5-4AF1-B9E1-77B72D5874B8} = {F71CC262-D270-489F-9BA5-69ECA6B0B267}
		{EC3FEDB7-4FC0-4DCF-A08F-F1DE2DC49E00} = {26E734FC-81B7-40B3-99E0-17A799AEEE77}
		{65AC59C5-F17A-4F96-97B2-B0ECB4304C3B} = {26E734FC-81B7-40B3-99E0-17A799AEEE77}
		{94C074C7-CAE2-423E-84B7-80D5B74602BB} = {26E734FC-81B7-40B3-99E0-17A799AEEE77}
		{AD620098-DF03-45B9-9B91-7E1DD13BC86C} = {26E734FC-81B7-40B3-99E0-17A799AEEE77}
		{1199E298-4D2F-4D19-8602-73B05C6B9E9D} = {C10C8EF8-ECD3-4572-9F68-C087EC075331}
		{0059F67C-809E-4811-995D-4647BB520C99} = {26E734FC-81B7-40B3-99E0-17A799AEEE77}
		{4EA54C46-9DBE-4872-9820-E24D2A88FB39} = {26E734FC-81B7-40B3-99E0-17A799AEEE77}
		{0EE12FB6-92F6-497A-8429-32E0C31B648A} = {26E734FC-81B7-40B3-99E0-17A799AEEE77}
		{3879250E-0D6E-41C3-8B17-4BD84C95FFE3} = {C10C8EF8-ECD3-4572-9F68-C087EC075331}
		{D98D219D-9FE8-44C0-AB9A-D5FFF3578FEE} = {26E734FC-81B7-40B3-99E0-17A799AEEE77}
		{9DC082AF-9B96-4530-8A31-B30EB1CBF403} = {C10C8EF8-ECD3-4572-9F68-C087EC075331}
		{AEBBE655-C600-4B78-8617-FA3921F33AFA} = {26E734FC-81B7-40B3-99E0-17A799AEEE77}
		{574AE079-0011-44CE-8E47-55F18C0F8AD1} = {672AD382-4F4E-442D-B0C8-F094751E2995}
		{2D115754-8B3B-4890-9472-2580C09C3A36} = {672AD382-4F4E-442D-B0C8-F094751E2995}
		{A9EF70EF-D85E-4278-A16E-4F183BD58D19} = {C10C8EF8-ECD3-4572-9F68-C087EC075331}
	EndGlobalSection
	GlobalSection(ExtensibilityGlobals) = postSolution
		SolutionGuid = {7CF45D1D-C7D1-4A80-8540-720E7D4182AA}
	EndGlobalSection
EndGlobal
