
Microsoft Visual Studio Solution File, Format Version 12.00
# Visual Studio Express 2012 for Windows Desktop
Project("{FAE04EC0-301F-11D3-BF4B-00C04F79EFBC}") = "WSUSAdminAssistant", "WSUSAdminAssistant\WSUSAdminAssistant.csproj", "{5123F4EE-4A1E-494A-9F36-4A9EBC473985}"
EndProject
Project("{FAE04EC0-301F-11D3-BF4B-00C04F79EFBC}") = "WSUSLibraries", "WSUSLibraries\WSUSLibraries.csproj", "{250D44F2-B273-4B91-957D-3CB76814FA53}"
EndProject
Project("{FAE04EC0-301F-11D3-BF4B-00C04F79EFBC}") = "SUSWatcher", "SUSWatcher\SUSWatcher.csproj", "{296BF46B-0D8E-48C2-B1D7-04FF19720E8A}"
EndProject
Project("{2150E333-8FDC-42A3-9474-1A3956D46DE8}") = ".nuget", ".nuget", "{3357836F-33DA-4979-B9A4-456780684BFC}"
EndProject
Global
	GlobalSection(SolutionConfigurationPlatforms) = preSolution
		Debug|Any CPU = Debug|Any CPU
		Release|Any CPU = Release|Any CPU
	EndGlobalSection
	GlobalSection(ProjectConfigurationPlatforms) = postSolution
		{5123F4EE-4A1E-494A-9F36-4A9EBC473985}.Debug|Any CPU.ActiveCfg = Debug|Any CPU
		{5123F4EE-4A1E-494A-9F36-4A9EBC473985}.Debug|Any CPU.Build.0 = Debug|Any CPU
		{5123F4EE-4A1E-494A-9F36-4A9EBC473985}.Release|Any CPU.ActiveCfg = Release|Any CPU
		{5123F4EE-4A1E-494A-9F36-4A9EBC473985}.Release|Any CPU.Build.0 = Release|Any CPU
		{250D44F2-B273-4B91-957D-3CB76814FA53}.Debug|Any CPU.ActiveCfg = Debug|Any CPU
		{250D44F2-B273-4B91-957D-3CB76814FA53}.Debug|Any CPU.Build.0 = Debug|Any CPU
		{250D44F2-B273-4B91-957D-3CB76814FA53}.Release|Any CPU.ActiveCfg = Release|Any CPU
		{250D44F2-B273-4B91-957D-3CB76814FA53}.Release|Any CPU.Build.0 = Release|Any CPU
		{296BF46B-0D8E-48C2-B1D7-04FF19720E8A}.Debug|Any CPU.ActiveCfg = Debug|Any CPU
		{296BF46B-0D8E-48C2-B1D7-04FF19720E8A}.Debug|Any CPU.Build.0 = Debug|Any CPU
		{296BF46B-0D8E-48C2-B1D7-04FF19720E8A}.Release|Any CPU.ActiveCfg = Release|Any CPU
		{296BF46B-0D8E-48C2-B1D7-04FF19720E8A}.Release|Any CPU.Build.0 = Release|Any CPU
	EndGlobalSection
	GlobalSection(SolutionProperties) = preSolution
		HideSolutionNode = FALSE
	EndGlobalSection
	GlobalSection(SubversionScc) = preSolution
		Svn-Managed = True
		Manager = AnkhSVN - Subversion Support for Visual Studio
	EndGlobalSection
EndGlobal
