<?xml version="1.0" encoding="utf-8"?>
<Project ToolsVersion="4.0" xmlns="http://schemas.microsoft.com/developer/msbuild/2003">
  <ItemGroup>
    <Filter Include="源文件">
      <UniqueIdentifier>{4FC737F1-C7A5-4376-A066-2A32D752A2FF}</UniqueIdentifier>
      <Extensions>cpp;c;cc;cxx;def;odl;idl;hpj;bat;asm;asmx</Extensions>
    </Filter>
    <Filter Include="头文件">
      <UniqueIdentifier>{93995380-89BD-4b04-88EB-625FBE52EBFB}</UniqueIdentifier>
      <Extensions>h;hh;hpp;hxx;hm;inl;inc;xsd</Extensions>
    </Filter>
    <Filter Include="资源文件">
      <UniqueIdentifier>{67DA6AB6-F800-4c08-8B7A-83BB121AAD01}</UniqueIdentifier>
      <Extensions>rc;ico;cur;bmp;dlg;rc2;rct;bin;rgs;gif;jpg;jpeg;jpe;resx;tiff;tif;png;wav;mfcribbon-ms</Extensions>
    </Filter>
    <Filter Include="资源文件\Languages">
      <UniqueIdentifier>{cd722528-f49b-457a-aba3-32d4549b07e9}</UniqueIdentifier>
    </Filter>
  </ItemGroup>
  <ItemGroup>
    <Xml Include="Languages\cs.xml">
      <Filter>资源文件\Languages</Filter>
    </Xml>
    <Xml Include="Languages\de.xml">
      <Filter>资源文件\Languages</Filter>
    </Xml>
    <Xml Include="Languages\en.xml">
      <Filter>资源文件\Languages</Filter>
    </Xml>
    <Xml Include="Languages\fr.xml">
      <Filter>资源文件\Languages</Filter>
    </Xml>
    <Xml Include="Languages\it.xml">
      <Filter>资源文件\Languages</Filter>
    </Xml>
    <Xml Include="Languages\ja.xml">
      <Filter>资源文件\Languages</Filter>
    </Xml>
    <Xml Include="Languages\ko.xml">
      <Filter>资源文件\Languages</Filter>
    </Xml>
    <Xml Include="Languages\ru.xml">
      <Filter>资源文件\Languages</Filter>
    </Xml>
    <Xml Include="Languages\zh-Hans.xml">
      <Filter>资源文件\Languages</Filter>
    </Xml>
    <Xml Include="Languages\zh-Hant.xml">
      <Filter>资源文件\Languages</Filter>
    </Xml>
    <Xml Include="Data.xml">
      <Filter>资源文件</Filter>
    </Xml>
    <Xml Include="Languages\pl-PL.xml">
      <Filter>资源文件\Languages</Filter>
    </Xml>
    <Xml Include="Languages\es.xml">
      <Filter>资源文件\Languages</Filter>
    </Xml>
    <Xml Include="Languages\bg.xml">
      <Filter>资源文件\Languages</Filter>
    </Xml>
    <Xml Include="Languages\pt.xml">
      <Filter>资源文件\Languages</Filter>
    </Xml>
  </ItemGroup>
  <ItemGroup>
    <None Include="README.md">
      <Filter>资源文件</Filter>
    </None>
  </ItemGroup>
  <ItemGroup>
    <Text Include="ThirdParty.md">
      <Filter>资源文件</Filter>
    </Text>
    <Text Include="HeplerDism.md">
      <Filter>资源文件</Filter>
    </Text>
  </ItemGroup>
</Project>